// !$*UTF8*$!
{
	archiveVersion = 1;
	classes = {
	};
	objectVersion = 46;
	objects = {

/* Begin PBXBuildFile section */
		3052B46A1FC819AC00F65740 /* PMSideMenuBasicCellTableViewCell.swift in Sources */ = {isa = PBXBuildFile; fileRef = 3052B4691FC819AC00F65740 /* PMSideMenuBasicCellTableViewCell.swift */; };
		9F1C33C51A8DFE510006EFEE /* PMColorGradientView.swift in Sources */ = {isa = PBXBuildFile; fileRef = 9F1C33C41A8DFE510006EFEE /* PMColorGradientView.swift */; };
		9F1C33C71A8DFE660006EFEE /* PMColorModel.swift in Sources */ = {isa = PBXBuildFile; fileRef = 9F1C33C61A8DFE660006EFEE /* PMColorModel.swift */; };
		9F1C33CB1A8DFEA40006EFEE /* PMSideMenuBaseViewController.swift in Sources */ = {isa = PBXBuildFile; fileRef = 9F1C33CA1A8DFEA40006EFEE /* PMSideMenuBaseViewController.swift */; };
		9F1C33CD1A8DFEDE0006EFEE /* PMSideMenuUserCell.swift in Sources */ = {isa = PBXBuildFile; fileRef = 9F1C33CC1A8DFEDE0006EFEE /* PMSideMenuUserCell.swift */; };
		9F1C33CF1A8DFEFC0006EFEE /* PMSideMenuListView.swift in Sources */ = {isa = PBXBuildFile; fileRef = 9F1C33CE1A8DFEFC0006EFEE /* PMSideMenuListView.swift */; };
		9F3913881AD2766A00AF9E5E /* PMCircleImageView.swift in Sources */ = {isa = PBXBuildFile; fileRef = 9F3913871AD2766A00AF9E5E /* PMCircleImageView.swift */; };
		9F39138A1AD27F4B00AF9E5E /* PMSideMenuListItem.swift in Sources */ = {isa = PBXBuildFile; fileRef = 9F3913891AD27F4B00AF9E5E /* PMSideMenuListItem.swift */; };
		9F39138D1AD2ACA300AF9E5E /* icon.jpg in Resources */ = {isa = PBXBuildFile; fileRef = 9F39138C1AD2ACA300AF9E5E /* icon.jpg */; };
		9F41188A1AD2566800494CA4 /* AppDelegate.swift in Sources */ = {isa = PBXBuildFile; fileRef = 9F4118861AD2566800494CA4 /* AppDelegate.swift */; };
		9F41188B1AD2566800494CA4 /* Images.xcassets in Resources */ = {isa = PBXBuildFile; fileRef = 9F4118871AD2566800494CA4 /* Images.xcassets */; };
		9F41188D1AD2566800494CA4 /* ViewController.swift in Sources */ = {isa = PBXBuildFile; fileRef = 9F4118891AD2566800494CA4 /* ViewController.swift */; };
		9FD851371A8DF5410029DD49 /* PMSideMenuView_DemoTests.swift in Sources */ = {isa = PBXBuildFile; fileRef = 9FD851361A8DF5410029DD49 /* PMSideMenuView_DemoTests.swift */; };
		9FD851421A8DF6E50029DD49 /* PMSideMenuViewController.swift in Sources */ = {isa = PBXBuildFile; fileRef = 9FD851411A8DF6E50029DD49 /* PMSideMenuViewController.swift */; };
/* End PBXBuildFile section */

/* Begin PBXContainerItemProxy section */
		9FD851311A8DF5410029DD49 /* PBXContainerItemProxy */ = {
			isa = PBXContainerItemProxy;
			containerPortal = 9FD851131A8DF5410029DD49 /* Project object */;
			proxyType = 1;
			remoteGlobalIDString = 9FD8511A1A8DF5410029DD49;
			remoteInfo = PMSideMenuView_Demo;
		};
/* End PBXContainerItemProxy section */

/* Begin PBXFileReference section */
		3052B4691FC819AC00F65740 /* PMSideMenuBasicCellTableViewCell.swift */ = {isa = PBXFileReference; fileEncoding = 4; lastKnownFileType = sourcecode.swift; name = PMSideMenuBasicCellTableViewCell.swift; path = PMSideMenuViewController/Cell/PMSideMenuBasicCellTableViewCell.swift; sourceTree = "<group>"; };
		9F1C33C41A8DFE510006EFEE /* PMColorGradientView.swift */ = {isa = PBXFileReference; fileEncoding = 4; lastKnownFileType = sourcecode.swift; name = PMColorGradientView.swift; path = PMSideMenuViewController/Color/PMColorGradientView.swift; sourceTree = "<group>"; };
		9F1C33C61A8DFE660006EFEE /* PMColorModel.swift */ = {isa = PBXFileReference; fileEncoding = 4; lastKnownFileType = sourcecode.swift; name = PMColorModel.swift; path = PMSideMenuViewController/Color/PMColorModel.swift; sourceTree = "<group>"; };
		9F1C33CA1A8DFEA40006EFEE /* PMSideMenuBaseViewController.swift */ = {isa = PBXFileReference; fileEncoding = 4; lastKnownFileType = sourcecode.swift; name = PMSideMenuBaseViewController.swift; path = PMSideMenuViewController/PMSideMenuBaseViewController.swift; sourceTree = "<group>"; };
		9F1C33CC1A8DFEDE0006EFEE /* PMSideMenuUserCell.swift */ = {isa = PBXFileReference; fileEncoding = 4; lastKnownFileType = sourcecode.swift; name = PMSideMenuUserCell.swift; path = PMSideMenuViewController/Cell/PMSideMenuUserCell.swift; sourceTree = "<group>"; };
		9F1C33CE1A8DFEFC0006EFEE /* PMSideMenuListView.swift */ = {isa = PBXFileReference; fileEncoding = 4; lastKnownFileType = sourcecode.swift; name = PMSideMenuListView.swift; path = PMSideMenuViewController/PMSideMenuListView.swift; sourceTree = "<group>"; };
		9F3913871AD2766A00AF9E5E /* PMCircleImageView.swift */ = {isa = PBXFileReference; fileEncoding = 4; lastKnownFileType = sourcecode.swift; name = PMCircleImageView.swift; path = PMSideMenuViewController/Views/PMCircleImageView.swift; sourceTree = "<group>"; };
		9F3913891AD27F4B00AF9E5E /* PMSideMenuListItem.swift */ = {isa = PBXFileReference; fileEncoding = 4; lastKnownFileType = sourcecode.swift; name = PMSideMenuListItem.swift; path = PMSideMenuViewController/PMSideMenuListItem.swift; sourceTree = "<group>"; };
		9F39138C1AD2ACA300AF9E5E /* icon.jpg */ = {isa = PBXFileReference; lastKnownFileType = image.jpeg; path = icon.jpg; sourceTree = "<group>"; };
		9F4118861AD2566800494CA4 /* AppDelegate.swift */ = {isa = PBXFileReference; fileEncoding = 4; lastKnownFileType = sourcecode.swift; path = AppDelegate.swift; sourceTree = "<group>"; };
		9F4118871AD2566800494CA4 /* Images.xcassets */ = {isa = PBXFileReference; lastKnownFileType = folder.assetcatalog; path = Images.xcassets; sourceTree = "<group>"; };
		9F4118881AD2566800494CA4 /* Info.plist */ = {isa = PBXFileReference; fileEncoding = 4; lastKnownFileType = text.plist.xml; path = Info.plist; sourceTree = "<group>"; };
		9F4118891AD2566800494CA4 /* ViewController.swift */ = {isa = PBXFileReference; fileEncoding = 4; lastKnownFileType = sourcecode.swift; path = ViewController.swift; sourceTree = "<group>"; };
		9FD8511B1A8DF5410029DD49 /* PMSideMenuView_Demo_swift.app */ = {isa = PBXFileReference; explicitFileType = wrapper.application; includeInIndex = 0; path = PMSideMenuView_Demo_swift.app; sourceTree = BUILT_PRODUCTS_DIR; };
		9FD851301A8DF5410029DD49 /* PMSideMenuView_Demo_swiftTests.xctest */ = {isa = PBXFileReference; explicitFileType = wrapper.cfbundle; includeInIndex = 0; path = PMSideMenuView_Demo_swiftTests.xctest; sourceTree = BUILT_PRODUCTS_DIR; };
		9FD851351A8DF5410029DD49 /* Info.plist */ = {isa = PBXFileReference; lastKnownFileType = text.plist.xml; path = Info.plist; sourceTree = "<group>"; };
		9FD851361A8DF5410029DD49 /* PMSideMenuView_DemoTests.swift */ = {isa = PBXFileReference; lastKnownFileType = sourcecode.swift; path = PMSideMenuView_DemoTests.swift; sourceTree = "<group>"; };
		9FD851411A8DF6E50029DD49 /* PMSideMenuViewController.swift */ = {isa = PBXFileReference; fileEncoding = 4; lastKnownFileType = sourcecode.swift; name = PMSideMenuViewController.swift; path = PMSideMenuViewController/PMSideMenuViewController.swift; sourceTree = "<group>"; };
/* End PBXFileReference section */

/* Begin PBXFrameworksBuildPhase section */
		9FD851181A8DF5410029DD49 /* Frameworks */ = {
			isa = PBXFrameworksBuildPhase;
			buildActionMask = 2147483647;
			files = (
			);
			runOnlyForDeploymentPostprocessing = 0;
		};
		9FD8512D1A8DF5410029DD49 /* Frameworks */ = {
			isa = PBXFrameworksBuildPhase;
			buildActionMask = 2147483647;
			files = (
			);
			runOnlyForDeploymentPostprocessing = 0;
		};
/* End PBXFrameworksBuildPhase section */

/* Begin PBXGroup section */
		9F1C33C21A8DFE270006EFEE /* Color */ = {
			isa = PBXGroup;
			children = (
				9F1C33C41A8DFE510006EFEE /* PMColorGradientView.swift */,
				9F1C33C61A8DFE660006EFEE /* PMColorModel.swift */,
			);
			name = Color;
			sourceTree = "<group>";
		};
		9F1C33C31A8DFE2E0006EFEE /* Cell */ = {
			isa = PBXGroup;
			children = (
				3052B4691FC819AC00F65740 /* PMSideMenuBasicCellTableViewCell.swift */,
				9F1C33CC1A8DFEDE0006EFEE /* PMSideMenuUserCell.swift */,
			);
			name = Cell;
			sourceTree = "<group>";
		};
		9F3913861AD2764400AF9E5E /* Views */ = {
			isa = PBXGroup;
			children = (
				9F3913871AD2766A00AF9E5E /* PMCircleImageView.swift */,
			);
			name = Views;
			sourceTree = "<group>";
		};
		9F39138B1AD2ACA300AF9E5E /* res */ = {
			isa = PBXGroup;
			children = (
				9F39138C1AD2ACA300AF9E5E /* icon.jpg */,
			);
			path = res;
			sourceTree = "<group>";
		};
		9F4118851AD2566800494CA4 /* PMSideMenuView_Demo_swift */ = {
			isa = PBXGroup;
			children = (
				9F39138B1AD2ACA300AF9E5E /* res */,
				9F4118861AD2566800494CA4 /* AppDelegate.swift */,
				9F4118871AD2566800494CA4 /* Images.xcassets */,
				9F4118881AD2566800494CA4 /* Info.plist */,
				9F4118891AD2566800494CA4 /* ViewController.swift */,
			);
			path = PMSideMenuView_Demo_swift;
			sourceTree = "<group>";
		};
		9FD851121A8DF5410029DD49 = {
			isa = PBXGroup;
			children = (
				9FD851401A8DF68B0029DD49 /* PMSideMenuViewController */,
				9F4118851AD2566800494CA4 /* PMSideMenuView_Demo_swift */,
				9FD851331A8DF5410029DD49 /* PMSideMenuView_DemoTests */,
				9FD8511C1A8DF5410029DD49 /* Products */,
			);
			sourceTree = "<group>";
		};
		9FD8511C1A8DF5410029DD49 /* Products */ = {
			isa = PBXGroup;
			children = (
				9FD8511B1A8DF5410029DD49 /* PMSideMenuView_Demo_swift.app */,
				9FD851301A8DF5410029DD49 /* PMSideMenuView_Demo_swiftTests.xctest */,
			);
			name = Products;
			sourceTree = "<group>";
		};
		9FD851331A8DF5410029DD49 /* PMSideMenuView_DemoTests */ = {
			isa = PBXGroup;
			children = (
				9FD851361A8DF5410029DD49 /* PMSideMenuView_DemoTests.swift */,
				9FD851341A8DF5410029DD49 /* Supporting Files */,
			);
			path = PMSideMenuView_DemoTests;
			sourceTree = "<group>";
		};
		9FD851341A8DF5410029DD49 /* Supporting Files */ = {
			isa = PBXGroup;
			children = (
				9FD851351A8DF5410029DD49 /* Info.plist */,
			);
			name = "Supporting Files";
			sourceTree = "<group>";
		};
		9FD851401A8DF68B0029DD49 /* PMSideMenuViewController */ = {
			isa = PBXGroup;
			children = (
				9F3913861AD2764400AF9E5E /* Views */,
				9F1C33C21A8DFE270006EFEE /* Color */,
				9F1C33C31A8DFE2E0006EFEE /* Cell */,
				9F1C33CA1A8DFEA40006EFEE /* PMSideMenuBaseViewController.swift */,
				9F1C33CE1A8DFEFC0006EFEE /* PMSideMenuListView.swift */,
				9F3913891AD27F4B00AF9E5E /* PMSideMenuListItem.swift */,
				9FD851411A8DF6E50029DD49 /* PMSideMenuViewController.swift */,
			);
			name = PMSideMenuViewController;
			sourceTree = "<group>";
		};
/* End PBXGroup section */

/* Begin PBXNativeTarget section */
		9FD8511A1A8DF5410029DD49 /* PMSideMenuView_Demo_swift */ = {
			isa = PBXNativeTarget;
			buildConfigurationList = 9FD8513A1A8DF5410029DD49 /* Build configuration list for PBXNativeTarget "PMSideMenuView_Demo_swift" */;
			buildPhases = (
				9FD851171A8DF5410029DD49 /* Sources */,
				9FD851181A8DF5410029DD49 /* Frameworks */,
				9FD851191A8DF5410029DD49 /* Resources */,
			);
			buildRules = (
			);
			dependencies = (
			);
			name = PMSideMenuView_Demo_swift;
			productName = PMSideMenuView_Demo;
			productReference = 9FD8511B1A8DF5410029DD49 /* PMSideMenuView_Demo_swift.app */;
			productType = "com.apple.product-type.application";
		};
		9FD8512F1A8DF5410029DD49 /* PMSideMenuView_Demo_swiftTests */ = {
			isa = PBXNativeTarget;
			buildConfigurationList = 9FD8513D1A8DF5410029DD49 /* Build configuration list for PBXNativeTarget "PMSideMenuView_Demo_swiftTests" */;
			buildPhases = (
				9FD8512C1A8DF5410029DD49 /* Sources */,
				9FD8512D1A8DF5410029DD49 /* Frameworks */,
				9FD8512E1A8DF5410029DD49 /* Resources */,
			);
			buildRules = (
			);
			dependencies = (
				9FD851321A8DF5410029DD49 /* PBXTargetDependency */,
			);
			name = PMSideMenuView_Demo_swiftTests;
			productName = PMSideMenuView_DemoTests;
			productReference = 9FD851301A8DF5410029DD49 /* PMSideMenuView_Demo_swiftTests.xctest */;
			productType = "com.apple.product-type.bundle.unit-test";
		};
/* End PBXNativeTarget section */

/* Begin PBXProject section */
		9FD851131A8DF5410029DD49 /* Project object */ = {
			isa = PBXProject;
			attributes = {
				LastUpgradeCheck = 0620;
				ORGANIZATIONNAME = "Taku Inoue";
				TargetAttributes = {
					9FD8511A1A8DF5410029DD49 = {
						CreatedOnToolsVersion = 6.0;
					};
					9FD8512F1A8DF5410029DD49 = {
						CreatedOnToolsVersion = 6.0;
						TestTargetID = 9FD8511A1A8DF5410029DD49;
					};
				};
			};
			buildConfigurationList = 9FD851161A8DF5410029DD49 /* Build configuration list for PBXProject "PMSideMenuView_Demo_swift" */;
			compatibilityVersion = "Xcode 3.2";
			developmentRegion = English;
			hasScannedForEncodings = 0;
			knownRegions = (
				en,
				Base,
			);
			mainGroup = 9FD851121A8DF5410029DD49;
			productRefGroup = 9FD8511C1A8DF5410029DD49 /* Products */;
			projectDirPath = "";
			projectRoot = "";
			targets = (
				9FD8511A1A8DF5410029DD49 /* PMSideMenuView_Demo_swift */,
				9FD8512F1A8DF5410029DD49 /* PMSideMenuView_Demo_swiftTests */,
			);
		};
/* End PBXProject section */

/* Begin PBXResourcesBuildPhase section */
		9FD851191A8DF5410029DD49 /* Resources */ = {
			isa = PBXResourcesBuildPhase;
			buildActionMask = 2147483647;
			files = (
				9F39138D1AD2ACA300AF9E5E /* icon.jpg in Resources */,
				9F41188B1AD2566800494CA4 /* Images.xcassets in Resources */,
			);
			runOnlyForDeploymentPostprocessing = 0;
		};
		9FD8512E1A8DF5410029DD49 /* Resources */ = {
			isa = PBXResourcesBuildPhase;
			buildActionMask = 2147483647;
			files = (
			);
			runOnlyForDeploymentPostprocessing = 0;
		};
/* End PBXResourcesBuildPhase section */

/* Begin PBXSourcesBuildPhase section */
		9FD851171A8DF5410029DD49 /* Sources */ = {
			isa = PBXSourcesBuildPhase;
			buildActionMask = 2147483647;
			files = (
				9F41188D1AD2566800494CA4 /* ViewController.swift in Sources */,
				9F1C33CB1A8DFEA40006EFEE /* PMSideMenuBaseViewController.swift in Sources */,
				9F1C33CF1A8DFEFC0006EFEE /* PMSideMenuListView.swift in Sources */,
				9F1C33CD1A8DFEDE0006EFEE /* PMSideMenuUserCell.swift in Sources */,
				9F41188A1AD2566800494CA4 /* AppDelegate.swift in Sources */,
				3052B46A1FC819AC00F65740 /* PMSideMenuBasicCellTableViewCell.swift in Sources */,
				9F1C33C51A8DFE510006EFEE /* PMColorGradientView.swift in Sources */,
				9F1C33C71A8DFE660006EFEE /* PMColorModel.swift in Sources */,
				9F3913881AD2766A00AF9E5E /* PMCircleImageView.swift in Sources */,
				9FD851421A8DF6E50029DD49 /* PMSideMenuViewController.swift in Sources */,
				9F39138A1AD27F4B00AF9E5E /* PMSideMenuListItem.swift in Sources */,
			);
			runOnlyForDeploymentPostprocessing = 0;
		};
		9FD8512C1A8DF5410029DD49 /* Sources */ = {
			isa = PBXSourcesBuildPhase;
			buildActionMask = 2147483647;
			files = (
				9FD851371A8DF5410029DD49 /* PMSideMenuView_DemoTests.swift in Sources */,
			);
			runOnlyForDeploymentPostprocessing = 0;
		};
/* End PBXSourcesBuildPhase section */

/* Begin PBXTargetDependency section */
		9FD851321A8DF5410029DD49 /* PBXTargetDependency */ = {
			isa = PBXTargetDependency;
			target = 9FD8511A1A8DF5410029DD49 /* PMSideMenuView_Demo_swift */;
			targetProxy = 9FD851311A8DF5410029DD49 /* PBXContainerItemProxy */;
		};
/* End PBXTargetDependency section */

/* Begin XCBuildConfiguration section */
		9FD851381A8DF5410029DD49 /* Debug */ = {
			isa = XCBuildConfiguration;
			buildSettings = {
				ALWAYS_SEARCH_USER_PATHS = NO;
				CLANG_CXX_LANGUAGE_STANDARD = "gnu++0x";
				CLANG_CXX_LIBRARY = "libc++";
				CLANG_ENABLE_MODULES = YES;
				CLANG_ENABLE_OBJC_ARC = YES;
				CLANG_WARN_BOOL_CONVERSION = YES;
				CLANG_WARN_CONSTANT_CONVERSION = YES;
				CLANG_WARN_DIRECT_OBJC_ISA_USAGE = YES_ERROR;
				CLANG_WARN_EMPTY_BODY = YES;
				CLANG_WARN_ENUM_CONVERSION = YES;
				CLANG_WARN_INT_CONVERSION = YES;
				CLANG_WARN_OBJC_ROOT_CLASS = YES_ERROR;
				CLANG_WARN_UNREACHABLE_CODE = YES;
				CLANG_WARN__DUPLICATE_METHOD_MATCH = YES;
				"CODE_SIGN_IDENTITY[sdk=iphoneos*]" = "iPhone Developer";
				COPY_PHASE_STRIP = NO;
				ENABLE_STRICT_OBJC_MSGSEND = YES;
				GCC_C_LANGUAGE_STANDARD = gnu99;
				GCC_DYNAMIC_NO_PIC = NO;
				GCC_OPTIMIZATION_LEVEL = 0;
				GCC_PREPROCESSOR_DEFINITIONS = (
					"DEBUG=1",
					"$(inherited)",
				);
				GCC_SYMBOLS_PRIVATE_EXTERN = NO;
				GCC_WARN_64_TO_32_BIT_CONVERSION = YES;
				GCC_WARN_ABOUT_RETURN_TYPE = YES_ERROR;
				GCC_WARN_UNDECLARED_SELECTOR = YES;
				GCC_WARN_UNINITIALIZED_AUTOS = YES_AGGRESSIVE;
				GCC_WARN_UNUSED_FUNCTION = YES;
				GCC_WARN_UNUSED_VARIABLE = YES;
				IPHONEOS_DEPLOYMENT_TARGET = 8.0;
				MTL_ENABLE_DEBUG_INFO = YES;
				ONLY_ACTIVE_ARCH = YES;
				SDKROOT = iphoneos;
				SWIFT_OPTIMIZATION_LEVEL = "-Onone";
				SWIFT_VERSION = 4.0;
			};
			name = Debug;
		};
		9FD851391A8DF5410029DD49 /* Release */ = {
			isa = XCBuildConfiguration;
			buildSettings = {
				ALWAYS_SEARCH_USER_PATHS = NO;
				CLANG_CXX_LANGUAGE_STANDARD = "gnu++0x";
				CLANG_CXX_LIBRARY = "libc++";
				CLANG_ENABLE_MODULES = YES;
				CLANG_ENABLE_OBJC_ARC = YES;
				CLANG_WARN_BOOL_CONVERSION = YES;
				CLANG_WARN_CONSTANT_CONVERSION = YES;
				CLANG_WARN_DIRECT_OBJC_ISA_USAGE = YES_ERROR;
				CLANG_WARN_EMPTY_BODY = YES;
				CLANG_WARN_ENUM_CONVERSION = YES;
				CLANG_WARN_INT_CONVERSION = YES;
				CLANG_WARN_OBJC_ROOT_CLASS = YES_ERROR;
				CLANG_WARN_UNREACHABLE_CODE = YES;
				CLANG_WARN__DUPLICATE_METHOD_MATCH = YES;
				"CODE_SIGN_IDENTITY[sdk=iphoneos*]" = "iPhone Developer";
				COPY_PHASE_STRIP = YES;
				ENABLE_NS_ASSERTIONS = NO;
				ENABLE_STRICT_OBJC_MSGSEND = YES;
				GCC_C_LANGUAGE_STANDARD = gnu99;
				GCC_WARN_64_TO_32_BIT_CONVERSION = YES;
				GCC_WARN_ABOUT_RETURN_TYPE = YES_ERROR;
				GCC_WARN_UNDECLARED_SELECTOR = YES;
				GCC_WARN_UNINITIALIZED_AUTOS = YES_AGGRESSIVE;
				GCC_WARN_UNUSED_FUNCTION = YES;
				GCC_WARN_UNUSED_VARIABLE = YES;
				IPHONEOS_DEPLOYMENT_TARGET = 8.0;
				MTL_ENABLE_DEBUG_INFO = NO;
				SDKROOT = iphoneos;
				SWIFT_VERSION = 4.0;
				VALIDATE_PRODUCT = YES;
			};
			name = Release;
		};
		9FD8513B1A8DF5410029DD49 /* Debug */ = {
			isa = XCBuildConfiguration;
			buildSettings = {
				ASSETCATALOG_COMPILER_APPICON_NAME = AppIcon;
				ASSETCATALOG_COMPILER_LAUNCHIMAGE_NAME = LaunchImage;
				INFOPLIST_FILE = PMSideMenuView_Demo_swift/Info.plist;
				IPHONEOS_DEPLOYMENT_TARGET = 7.0;
				LD_RUNPATH_SEARCH_PATHS = "$(inherited) @executable_path/Frameworks";
				PRODUCT_NAME = PMSideMenuView_Demo_swift;
			};
			name = Debug;
		};
		9FD8513C1A8DF5410029DD49 /* Release */ = {
			isa = XCBuildConfiguration;
			buildSettings = {
				ASSETCATALOG_COMPILER_APPICON_NAME = AppIcon;
				ASSETCATALOG_COMPILER_LAUNCHIMAGE_NAME = LaunchImage;
				INFOPLIST_FILE = PMSideMenuView_Demo_swift/Info.plist;
				IPHONEOS_DEPLOYMENT_TARGET = 7.0;
				LD_RUNPATH_SEARCH_PATHS = "$(inherited) @executable_path/Frameworks";
				PRODUCT_NAME = PMSideMenuView_Demo_swift;
			};
			name = Release;
		};
		9FD8513E1A8DF5410029DD49 /* Debug */ = {
			isa = XCBuildConfiguration;
			buildSettings = {
				BUNDLE_LOADER = "$(TEST_HOST)";
				FRAMEWORK_SEARCH_PATHS = (
					"$(SDKROOT)/Developer/Library/Frameworks",
					"$(inherited)",
				);
				GCC_PREPROCESSOR_DEFINITIONS = (
					"DEBUG=1",
					"$(inherited)",
				);
				INFOPLIST_FILE = PMSideMenuView_DemoTests/Info.plist;
				LD_RUNPATH_SEARCH_PATHS = "$(inherited) @executable_path/Frameworks @loader_path/Frameworks";
				PRODUCT_NAME = PMSideMenuView_Demo_swiftTests;
				TEST_HOST = "$(BUILT_PRODUCTS_DIR)/PMSideMenuView_Demo_swift.app/PMSideMenuView_Demo_swift";
			};
			name = Debug;
		};
		9FD8513F1A8DF5410029DD49 /* Release */ = {
			isa = XCBuildConfiguration;
			buildSettings = {
				BUNDLE_LOADER = "$(TEST_HOST)";
				FRAMEWORK_SEARCH_PATHS = (
					"$(SDKROOT)/Developer/Library/Frameworks",
					"$(inherited)",
				);
				INFOPLIST_FILE = PMSideMenuView_DemoTests/Info.plist;
				LD_RUNPATH_SEARCH_PATHS = "$(inherited) @executable_path/Frameworks @loader_path/Frameworks";
				PRODUCT_NAME = PMSideMenuView_Demo_swiftTests;
				TEST_HOST = "$(BUILT_PRODUCTS_DIR)/PMSideMenuView_Demo_swift.app/PMSideMenuView_Demo_swift";
			};
			name = Release;
		};
/* End XCBuildConfiguration section */

/* Begin XCConfigurationList section */
		9FD851161A8DF5410029DD49 /* Build configuration list for PBXProject "PMSideMenuView_Demo_swift" */ = {
			isa = XCConfigurationList;
			buildConfigurations = (
				9FD851381A8DF5410029DD49 /* Debug */,
				9FD851391A8DF5410029DD49 /* Release */,
			);
			defaultConfigurationIsVisible = 0;
			defaultConfigurationName = Release;
		};
		9FD8513A1A8DF5410029DD49 /* Build configuration list for PBXNativeTarget "PMSideMenuView_Demo_swift" */ = {
			isa = XCConfigurationList;
			buildConfigurations = (
				9FD8513B1A8DF5410029DD49 /* Debug */,
				9FD8513C1A8DF5410029DD49 /* Release */,
			);
			defaultConfigurationIsVisible = 0;
			defaultConfigurationName = Release;
		};
		9FD8513D1A8DF5410029DD49 /* Build configuration list for PBXNativeTarget "PMSideMenuView_Demo_swiftTests" */ = {
			isa = XCConfigurationList;
			buildConfigurations = (
				9FD8513E1A8DF5410029DD49 /* Debug */,
				9FD8513F1A8DF5410029DD49 /* Release */,
			);
			defaultConfigurationIsVisible = 0;
			defaultConfigurationName = Release;
		};
/* End XCConfigurationList section */
	};
	rootObject = 9FD851131A8DF5410029DD49 /* Project object */;
}
